
Microsoft Visual Studio Solution File, Format Version 12.00
# Visual Studio 15
VisualStudioVersion = 15.0.28307.106
MinimumVisualStudioVersion = 10.0.40219.1
Project("{2150E333-8FDC-42A3-9474-1A3956D46DE8}") = "Data", "Data", "{0AE7EE50-D677-47EF-B55C-FF0359F10278}"
EndProject
Project("{2150E333-8FDC-42A3-9474-1A3956D46DE8}") = "Tests", "Tests", "{641ACFB9-5487-4A69-98EC-F942AD0EB159}"
EndProject
Project("{00D1A9C2-B5F0-4AF3-8072-F6C62B433612}") = "Data.Database", "Data\Data.Database\Data.Database.sqlproj", "{0E119F7B-4B5E-4DFE-B324-4B025ADAE5E0}"
EndProject
Project("{FAE04EC0-301F-11D3-BF4B-00C04F79EFBC}") = "Data.Core", "Data\Data.Core\Data.Core.csproj", "{EDB4FE0F-7BD6-4EF2-80E6-71E58F063C16}"
EndProject
Project("{FAE04EC0-301F-11D3-BF4B-00C04F79EFBC}") = "Tests.Data.Core", "Tests\Tests.Data.Core\Tests.Data.Core.csproj", "{49BBD995-E8AB-4FB3-A475-A983240CF1D3}"
EndProject
Project("{2150E333-8FDC-42A3-9474-1A3956D46DE8}") = ".shared", ".shared", "{440DB20A-B713-4078-A5DE-4E5002E0C5D8}"
	ProjectSection(SolutionItems) = preProject
		.shared\deploy-database.cmd = .shared\deploy-database.cmd
	EndProjectSection
EndProject
Global
	GlobalSection(SolutionConfigurationPlatforms) = preSolution
		Debug|Any CPU = Debug|Any CPU
		Release|Any CPU = Release|Any CPU
	EndGlobalSection
	GlobalSection(ProjectConfigurationPlatforms) = postSolution
		{0E119F7B-4B5E-4DFE-B324-4B025ADAE5E0}.Debug|Any CPU.ActiveCfg = Debug|Any CPU
		{0E119F7B-4B5E-4DFE-B324-4B025ADAE5E0}.Debug|Any CPU.Build.0 = Debug|Any CPU
		{0E119F7B-4B5E-4DFE-B324-4B025ADAE5E0}.Debug|Any CPU.Deploy.0 = Debug|Any CPU
		{0E119F7B-4B5E-4DFE-B324-4B025ADAE5E0}.Release|Any CPU.ActiveCfg = Release|Any CPU
		{0E119F7B-4B5E-4DFE-B324-4B025ADAE5E0}.Release|Any CPU.Build.0 = Release|Any CPU
		{0E119F7B-4B5E-4DFE-B324-4B025ADAE5E0}.Release|Any CPU.Deploy.0 = Release|Any CPU
		{EDB4FE0F-7BD6-4EF2-80E6-71E58F063C16}.Debug|Any CPU.ActiveCfg = Debug|Any CPU
		{EDB4FE0F-7BD6-4EF2-80E6-71E58F063C16}.Debug|Any CPU.Build.0 = Debug|Any CPU
		{EDB4FE0F-7BD6-4EF2-80E6-71E58F063C16}.Release|Any CPU.ActiveCfg = Release|Any CPU
		{EDB4FE0F-7BD6-4EF2-80E6-71E58F063C16}.Release|Any CPU.Build.0 = Release|Any CPU
		{49BBD995-E8AB-4FB3-A475-A983240CF1D3}.Debug|Any CPU.ActiveCfg = Debug|Any CPU
		{49BBD995-E8AB-4FB3-A475-A983240CF1D3}.Debug|Any CPU.Build.0 = Debug|Any CPU
		{49BBD995-E8AB-4FB3-A475-A983240CF1D3}.Release|Any CPU.ActiveCfg = Release|Any CPU
		{49BBD995-E8AB-4FB3-A475-A983240CF1D3}.Release|Any CPU.Build.0 = Release|Any CPU
	EndGlobalSection
	GlobalSection(SolutionProperties) = preSolution
		HideSolutionNode = FALSE
	EndGlobalSection
	GlobalSection(NestedProjects) = preSolution
		{0E119F7B-4B5E-4DFE-B324-4B025ADAE5E0} = {0AE7EE50-D677-47EF-B55C-FF0359F10278}
		{EDB4FE0F-7BD6-4EF2-80E6-71E58F063C16} = {0AE7EE50-D677-47EF-B55C-FF0359F10278}
		{49BBD995-E8AB-4FB3-A475-A983240CF1D3} = {641ACFB9-5487-4A69-98EC-F942AD0EB159}
	EndGlobalSection
	GlobalSection(ExtensibilityGlobals) = postSolution
		SolutionGuid = {C8335CA7-885E-487E-867D-3A80010099AA}
	EndGlobalSection
EndGlobal
